
Microsoft Visual Studio Solution File, Format Version 12.00
# Visual Studio Version 17
VisualStudioVersion = 17.3.32929.385
MinimumVisualStudioVersion = 10.0.40219.1
Project("{FAE04EC0-301F-11D3-BF4B-00C04F79EFBC}") = "LenguajesProgramación", "LenguajesProgramación\LenguajesProgramación.csproj", "{438ADEA7-FA09-4FA2-8DF3-8A8258913E28}"
EndProject
Project("{F184B08F-C81C-45F6-A57F-5ABD9991F28F}") = "LegujesProgramacionVB", "LegujesProgramacionVB\LegujesProgramacionVB.vbproj", "{8C6E9F2F-BD04-475B-AA56-A81BE71DD95F}"
EndProject
Project("{888888A0-9F3D-457C-B088-3A5042F75D52}") = "LenguajesProgramacionPy", "LenguajesProgramacionPy\LenguajesProgramacionPy.pyproj", "{0E9C968B-DBB2-42AB-B129-B1EE3D1851A4}"
EndProject
Global
	GlobalSection(SolutionConfigurationPlatforms) = preSolution
		Debug|Any CPU = Debug|Any CPU
		Release|Any CPU = Release|Any CPU
	EndGlobalSection
	GlobalSection(ProjectConfigurationPlatforms) = postSolution
		{438ADEA7-FA09-4FA2-8DF3-8A8258913E28}.Debug|Any CPU.ActiveCfg = Debug|Any CPU
		{438ADEA7-FA09-4FA2-8DF3-8A8258913E28}.Debug|Any CPU.Build.0 = Debug|Any CPU
		{438ADEA7-FA09-4FA2-8DF3-8A8258913E28}.Release|Any CPU.ActiveCfg = Release|Any CPU
		{438ADEA7-FA09-4FA2-8DF3-8A8258913E28}.Release|Any CPU.Build.0 = Release|Any CPU
		{8C6E9F2F-BD04-475B-AA56-A81BE71DD95F}.Debug|Any CPU.ActiveCfg = Debug|Any CPU
		{8C6E9F2F-BD04-475B-AA56-A81BE71DD95F}.Debug|Any CPU.Build.0 = Debug|Any CPU
		{8C6E9F2F-BD04-475B-AA56-A81BE71DD95F}.Release|Any CPU.ActiveCfg = Release|Any CPU
		{8C6E9F2F-BD04-475B-AA56-A81BE71DD95F}.Release|Any CPU.Build.0 = Release|Any CPU
		{0E9C968B-DBB2-42AB-B129-B1EE3D1851A4}.Debug|Any CPU.ActiveCfg = Debug|Any CPU
		{0E9C968B-DBB2-42AB-B129-B1EE3D1851A4}.Release|Any CPU.ActiveCfg = Release|Any CPU
	EndGlobalSection
	GlobalSection(SolutionProperties) = preSolution
		HideSolutionNode = FALSE
	EndGlobalSection
	GlobalSection(ExtensibilityGlobals) = postSolution
		SolutionGuid = {B45823F2-7A73-4C67-981C-64BCAA1D25F9}
	EndGlobalSection
EndGlobal
